
Microsoft Visual Studio Solution File, Format Version 12.00
# Visual Studio 2012
Project("{FAE04EC0-301F-11D3-BF4B-00C04F79EFBC}") = "获取千牛聊天对象-模拟鼠标操作", "获取千牛聊天对象-模拟鼠标操作\获取千牛聊天对象-模拟鼠标操作.csproj", "{C816C9F9-57E0-48FD-BB59-0AF18771E7D4}"
EndProject
Global
	GlobalSection(SolutionConfigurationPlatforms) = preSolution
		Debug|Any CPU = Debug|Any CPU
		Release|Any CPU = Release|Any CPU
	EndGlobalSection
	GlobalSection(ProjectConfigurationPlatforms) = postSolution
		{C816C9F9-57E0-48FD-BB59-0AF18771E7D4}.Debug|Any CPU.ActiveCfg = Debug|Any CPU
		{C816C9F9-57E0-48FD-BB59-0AF18771E7D4}.Debug|Any CPU.Build.0 = Debug|Any CPU
		{C816C9F9-57E0-48FD-BB59-0AF18771E7D4}.Release|Any CPU.ActiveCfg = Release|Any CPU
		{C816C9F9-57E0-48FD-BB59-0AF18771E7D4}.Release|Any CPU.Build.0 = Release|Any CPU
	EndGlobalSection
	GlobalSection(SolutionProperties) = preSolution
		HideSolutionNode = FALSE
	EndGlobalSection
EndGlobal
